
Microsoft Visual Studio Solution File, Format Version 12.00
# Visual Studio Version 17
VisualStudioVersion = 17.7.34202.233
MinimumVisualStudioVersion = 10.0.40219.1
Project("{FAE04EC0-301F-11D3-BF4B-00C04F79EFBC}") = "BankAppUI", "BankAppUI.csproj", "{FB061B73-49A0-4EA7-8C78-9185F36F3EE0}"
EndProject
Global
	GlobalSection(SolutionConfigurationPlatforms) = preSolution
		Debug|Any CPU = Debug|Any CPU
		Release|Any CPU = Release|Any CPU
	EndGlobalSection
	GlobalSection(ProjectConfigurationPlatforms) = postSolution
		{FB061B73-49A0-4EA7-8C78-9185F36F3EE0}.Debug|Any CPU.ActiveCfg = Debug|Any CPU
		{FB061B73-49A0-4EA7-8C78-9185F36F3EE0}.Debug|Any CPU.Build.0 = Debug|Any CPU
		{FB061B73-49A0-4EA7-8C78-9185F36F3EE0}.Release|Any CPU.ActiveCfg = Release|Any CPU
		{FB061B73-49A0-4EA7-8C78-9185F36F3EE0}.Release|Any CPU.Build.0 = Release|Any CPU
	EndGlobalSection
	GlobalSection(SolutionProperties) = preSolution
		HideSolutionNode = FALSE
	EndGlobalSection
	GlobalSection(ExtensibilityGlobals) = postSolution
		SolutionGuid = {F363FD8F-3450-4661-A281-21CEBB0B0EEE}
	EndGlobalSection
EndGlobal
